// !$*UTF8*$!
{
	archiveVersion = 1;
	classes = {
	};
	objectVersion = 55;
	objects = {

/* Begin PBXBuildFile section */
		73A635F800E67172C62341E0 /* Pods_RepositoryInfoFetcher.framework in Frameworks */ = {isa = PBXBuildFile; fileRef = C90215370DB2065968CB2418 /* Pods_RepositoryInfoFetcher.framework */; };
		832B12E9291F5ECD0008D57E /* GithubModel.swift in Sources */ = {isa = PBXBuildFile; fileRef = 832B12E8291F5ECD0008D57E /* GithubModel.swift */; };
		839D89A8291F12B00034D2A7 /* ContentDataSource.swift in Sources */ = {isa = PBXBuildFile; fileRef = 839D89A7291F12B00034D2A7 /* ContentDataSource.swift */; };
		83BF0C6A2923208F009D748E /* DetailViewController.swift in Sources */ = {isa = PBXBuildFile; fileRef = 83BF0C692923208F009D748E /* DetailViewController.swift */; };
		83BF0C6C292320A6009D748E /* DetailViewController.storyboard in Resources */ = {isa = PBXBuildFile; fileRef = 83BF0C6B292320A6009D748E /* DetailViewController.storyboard */; };
		83C97A85292156D400596EA1 /* BitbucketModel.swift in Sources */ = {isa = PBXBuildFile; fileRef = 83C97A84292156D400596EA1 /* BitbucketModel.swift */; };
		83CEEEA0291EFFF700951C37 /* AppDelegate.swift in Sources */ = {isa = PBXBuildFile; fileRef = 83CEEE9F291EFFF700951C37 /* AppDelegate.swift */; };
		83CEEEA4291EFFF700951C37 /* MainViewController.swift in Sources */ = {isa = PBXBuildFile; fileRef = 83CEEEA3291EFFF700951C37 /* MainViewController.swift */; };
		83CEEEA7291EFFF700951C37 /* MainViewController.storyboard in Resources */ = {isa = PBXBuildFile; fileRef = 83CEEEA5291EFFF700951C37 /* MainViewController.storyboard */; };
		83CEEEAA291EFFF700951C37 /* RepositoryInfoFetcher.xcdatamodeld in Sources */ = {isa = PBXBuildFile; fileRef = 83CEEEA8291EFFF700951C37 /* RepositoryInfoFetcher.xcdatamodeld */; };
		83CEEEAC291EFFF900951C37 /* Assets.xcassets in Resources */ = {isa = PBXBuildFile; fileRef = 83CEEEAB291EFFF900951C37 /* Assets.xcassets */; };
		83CEEEAF291EFFF900951C37 /* LaunchScreen.storyboard in Resources */ = {isa = PBXBuildFile; fileRef = 83CEEEAD291EFFF900951C37 /* LaunchScreen.storyboard */; };
/* End PBXBuildFile section */

/* Begin PBXFileReference section */
		1CCF22C18BA17F82A3BF4024 /* Pods-RepositoryInfoFetcher.debug.xcconfig */ = {isa = PBXFileReference; includeInIndex = 1; lastKnownFileType = text.xcconfig; name = "Pods-RepositoryInfoFetcher.debug.xcconfig"; path = "Target Support Files/Pods-RepositoryInfoFetcher/Pods-RepositoryInfoFetcher.debug.xcconfig"; sourceTree = "<group>"; };
		462BC37B3587A91685AD03D8 /* Pods-RepositoryInfoFetcher.release.xcconfig */ = {isa = PBXFileReference; includeInIndex = 1; lastKnownFileType = text.xcconfig; name = "Pods-RepositoryInfoFetcher.release.xcconfig"; path = "Target Support Files/Pods-RepositoryInfoFetcher/Pods-RepositoryInfoFetcher.release.xcconfig"; sourceTree = "<group>"; };
		832B12E8291F5ECD0008D57E /* GithubModel.swift */ = {isa = PBXFileReference; lastKnownFileType = sourcecode.swift; path = GithubModel.swift; sourceTree = "<group>"; };
		839D89A7291F12B00034D2A7 /* ContentDataSource.swift */ = {isa = PBXFileReference; lastKnownFileType = sourcecode.swift; path = ContentDataSource.swift; sourceTree = "<group>"; };
		83BF0C692923208F009D748E /* DetailViewController.swift */ = {isa = PBXFileReference; lastKnownFileType = sourcecode.swift; path = DetailViewController.swift; sourceTree = "<group>"; };
		83BF0C6B292320A6009D748E /* DetailViewController.storyboard */ = {isa = PBXFileReference; lastKnownFileType = file.storyboard; path = DetailViewController.storyboard; sourceTree = "<group>"; };
		83C97A84292156D400596EA1 /* BitbucketModel.swift */ = {isa = PBXFileReference; lastKnownFileType = sourcecode.swift; path = BitbucketModel.swift; sourceTree = "<group>"; };
		83CEEE9C291EFFF700951C37 /* RepositoryInfoFetcher.app */ = {isa = PBXFileReference; explicitFileType = wrapper.application; includeInIndex = 0; path = RepositoryInfoFetcher.app; sourceTree = BUILT_PRODUCTS_DIR; };
		83CEEE9F291EFFF700951C37 /* AppDelegate.swift */ = {isa = PBXFileReference; lastKnownFileType = sourcecode.swift; path = AppDelegate.swift; sourceTree = "<group>"; };
		83CEEEA3291EFFF700951C37 /* MainViewController.swift */ = {isa = PBXFileReference; lastKnownFileType = sourcecode.swift; path = MainViewController.swift; sourceTree = "<group>"; };
		83CEEEA6291EFFF700951C37 /* Base */ = {isa = PBXFileReference; lastKnownFileType = file.storyboard; name = Base; path = Base.lproj/MainViewController.storyboard; sourceTree = "<group>"; };
		83CEEEA9291EFFF700951C37 /* RepositoryInfoFetcher.xcdatamodel */ = {isa = PBXFileReference; lastKnownFileType = wrapper.xcdatamodel; path = RepositoryInfoFetcher.xcdatamodel; sourceTree = "<group>"; };
		83CEEEAB291EFFF900951C37 /* Assets.xcassets */ = {isa = PBXFileReference; lastKnownFileType = folder.assetcatalog; path = Assets.xcassets; sourceTree = "<group>"; };
		83CEEEAE291EFFF900951C37 /* Base */ = {isa = PBXFileReference; lastKnownFileType = file.storyboard; name = Base; path = Base.lproj/LaunchScreen.storyboard; sourceTree = "<group>"; };
		83CEEEB0291EFFF900951C37 /* Info.plist */ = {isa = PBXFileReference; lastKnownFileType = text.plist.xml; path = Info.plist; sourceTree = "<group>"; };
		C90215370DB2065968CB2418 /* Pods_RepositoryInfoFetcher.framework */ = {isa = PBXFileReference; explicitFileType = wrapper.framework; includeInIndex = 0; path = Pods_RepositoryInfoFetcher.framework; sourceTree = BUILT_PRODUCTS_DIR; };
/* End PBXFileReference section */

/* Begin PBXFrameworksBuildPhase section */
		83CEEE99291EFFF700951C37 /* Frameworks */ = {
			isa = PBXFrameworksBuildPhase;
			buildActionMask = 2147483647;
			files = (
				73A635F800E67172C62341E0 /* Pods_RepositoryInfoFetcher.framework in Frameworks */,
			);
			runOnlyForDeploymentPostprocessing = 0;
		};
/* End PBXFrameworksBuildPhase section */

/* Begin PBXGroup section */
		136FC463FC8AEA8245ADDC49 /* Pods */ = {
			isa = PBXGroup;
			children = (
				1CCF22C18BA17F82A3BF4024 /* Pods-RepositoryInfoFetcher.debug.xcconfig */,
				462BC37B3587A91685AD03D8 /* Pods-RepositoryInfoFetcher.release.xcconfig */,
			);
			path = Pods;
			sourceTree = "<group>";
		};
		839D89A6291F12960034D2A7 /* DataSource */ = {
			isa = PBXGroup;
			children = (
				839D89A7291F12B00034D2A7 /* ContentDataSource.swift */,
			);
			path = DataSource;
			sourceTree = "<group>";
		};
		83BF0C6D2923536B009D748E /* Resources */ = {
			isa = PBXGroup;
			children = (
				839D89A6291F12960034D2A7 /* DataSource */,
				83CEEEAB291EFFF900951C37 /* Assets.xcassets */,
				83CEEEA8291EFFF700951C37 /* RepositoryInfoFetcher.xcdatamodeld */,
			);
			path = Resources;
			sourceTree = "<group>";
		};
		83CEEE93291EFFF700951C37 = {
			isa = PBXGroup;
			children = (
				83CEEE9E291EFFF700951C37 /* RepositoryInfoFetcher */,
				83CEEE9D291EFFF700951C37 /* Products */,
				136FC463FC8AEA8245ADDC49 /* Pods */,
				FD01AEA3CF6BE08362F4BA75 /* Frameworks */,
			);
			sourceTree = "<group>";
		};
		83CEEE9D291EFFF700951C37 /* Products */ = {
			isa = PBXGroup;
			children = (
				83CEEE9C291EFFF700951C37 /* RepositoryInfoFetcher.app */,
			);
			name = Products;
			sourceTree = "<group>";
		};
		83CEEE9E291EFFF700951C37 /* RepositoryInfoFetcher */ = {
			isa = PBXGroup;
			children = (
				83CEEEB0291EFFF900951C37 /* Info.plist */,
				83CEEEB6291F030D00951C37 /* Model */,
				83CEEEB8291F031D00951C37 /* View */,
				83CEEEB9291F032400951C37 /* Controller */,
				83BF0C6D2923536B009D748E /* Resources */,
			);
			path = RepositoryInfoFetcher;
			sourceTree = "<group>";
		};
		83CEEEB6291F030D00951C37 /* Model */ = {
			isa = PBXGroup;
			children = (
				832B12E8291F5ECD0008D57E /* GithubModel.swift */,
				83C97A84292156D400596EA1 /* BitbucketModel.swift */,
			);
			path = Model;
			sourceTree = "<group>";
		};
		83CEEEB8291F031D00951C37 /* View */ = {
			isa = PBXGroup;
			children = (
				83CEEEAD291EFFF900951C37 /* LaunchScreen.storyboard */,
				83CEEEA5291EFFF700951C37 /* MainViewController.storyboard */,
				83BF0C6B292320A6009D748E /* DetailViewController.storyboard */,
			);
			path = View;
			sourceTree = "<group>";
		};
		83CEEEB9291F032400951C37 /* Controller */ = {
			isa = PBXGroup;
			children = (
				83CEEE9F291EFFF700951C37 /* AppDelegate.swift */,
				83BF0C692923208F009D748E /* DetailViewController.swift */,
				83CEEEA3291EFFF700951C37 /* MainViewController.swift */,
			);
			path = Controller;
			sourceTree = "<group>";
		};
		FD01AEA3CF6BE08362F4BA75 /* Frameworks */ = {
			isa = PBXGroup;
			children = (
				C90215370DB2065968CB2418 /* Pods_RepositoryInfoFetcher.framework */,
			);
			name = Frameworks;
			sourceTree = "<group>";
		};
/* End PBXGroup section */

/* Begin PBXNativeTarget section */
		83CEEE9B291EFFF700951C37 /* RepositoryInfoFetcher */ = {
			isa = PBXNativeTarget;
			buildConfigurationList = 83CEEEB3291EFFF900951C37 /* Build configuration list for PBXNativeTarget "RepositoryInfoFetcher" */;
			buildPhases = (
				BDBC0C4581A158A4869C3E81 /* [CP] Check Pods Manifest.lock */,
				83CEEE98291EFFF700951C37 /* Sources */,
				83CEEE99291EFFF700951C37 /* Frameworks */,
				83CEEE9A291EFFF700951C37 /* Resources */,
				4D304A8062B2BA932145B02F /* [CP] Embed Pods Frameworks */,
			);
			buildRules = (
			);
			dependencies = (
			);
			name = RepositoryInfoFetcher;
			productName = RepositoryInfoFetcher;
			productReference = 83CEEE9C291EFFF700951C37 /* RepositoryInfoFetcher.app */;
			productType = "com.apple.product-type.application";
		};
/* End PBXNativeTarget section */

/* Begin PBXProject section */
		83CEEE94291EFFF700951C37 /* Project object */ = {
			isa = PBXProject;
			attributes = {
				BuildIndependentTargetsInParallel = 1;
				LastSwiftUpdateCheck = 1400;
				LastUpgradeCheck = 1400;
				TargetAttributes = {
					83CEEE9B291EFFF700951C37 = {
						CreatedOnToolsVersion = 14.0;
					};
				};
			};
			buildConfigurationList = 83CEEE97291EFFF700951C37 /* Build configuration list for PBXProject "RepositoryInfoFetcher" */;
			compatibilityVersion = "Xcode 13.0";
			developmentRegion = en;
			hasScannedForEncodings = 0;
			knownRegions = (
				en,
				Base,
			);
			mainGroup = 83CEEE93291EFFF700951C37;
			productRefGroup = 83CEEE9D291EFFF700951C37 /* Products */;
			projectDirPath = "";
			projectRoot = "";
			targets = (
				83CEEE9B291EFFF700951C37 /* RepositoryInfoFetcher */,
			);
		};
/* End PBXProject section */

/* Begin PBXResourcesBuildPhase section */
		83CEEE9A291EFFF700951C37 /* Resources */ = {
			isa = PBXResourcesBuildPhase;
			buildActionMask = 2147483647;
			files = (
				83BF0C6C292320A6009D748E /* DetailViewController.storyboard in Resources */,
				83CEEEAF291EFFF900951C37 /* LaunchScreen.storyboard in Resources */,
				83CEEEAC291EFFF900951C37 /* Assets.xcassets in Resources */,
				83CEEEA7291EFFF700951C37 /* MainViewController.storyboard in Resources */,
			);
			runOnlyForDeploymentPostprocessing = 0;
		};
/* End PBXResourcesBuildPhase section */

/* Begin PBXShellScriptBuildPhase section */
		4D304A8062B2BA932145B02F /* [CP] Embed Pods Frameworks */ = {
			isa = PBXShellScriptBuildPhase;
			buildActionMask = 2147483647;
			files = (
			);
			inputFileListPaths = (
				"${PODS_ROOT}/Target Support Files/Pods-RepositoryInfoFetcher/Pods-RepositoryInfoFetcher-frameworks-${CONFIGURATION}-input-files.xcfilelist",
			);
			name = "[CP] Embed Pods Frameworks";
			outputFileListPaths = (
				"${PODS_ROOT}/Target Support Files/Pods-RepositoryInfoFetcher/Pods-RepositoryInfoFetcher-frameworks-${CONFIGURATION}-output-files.xcfilelist",
			);
			runOnlyForDeploymentPostprocessing = 0;
			shellPath = /bin/sh;
			shellScript = "\"${PODS_ROOT}/Target Support Files/Pods-RepositoryInfoFetcher/Pods-RepositoryInfoFetcher-frameworks.sh\"\n";
			showEnvVarsInLog = 0;
		};
		BDBC0C4581A158A4869C3E81 /* [CP] Check Pods Manifest.lock */ = {
			isa = PBXShellScriptBuildPhase;
			buildActionMask = 2147483647;
			files = (
			);
			inputFileListPaths = (
			);
			inputPaths = (
				"${PODS_PODFILE_DIR_PATH}/Podfile.lock",
				"${PODS_ROOT}/Manifest.lock",
			);
			name = "[CP] Check Pods Manifest.lock";
			outputFileListPaths = (
			);
			outputPaths = (
				"$(DERIVED_FILE_DIR)/Pods-RepositoryInfoFetcher-checkManifestLockResult.txt",
			);
			runOnlyForDeploymentPostprocessing = 0;
			shellPath = /bin/sh;
			shellScript = "diff \"${PODS_PODFILE_DIR_PATH}/Podfile.lock\" \"${PODS_ROOT}/Manifest.lock\" > /dev/null\nif [ $? != 0 ] ; then\n    # print error to STDERR\n    echo \"error: The sandbox is not in sync with the Podfile.lock. Run 'pod install' or update your CocoaPods installation.\" >&2\n    exit 1\nfi\n# This output is used by Xcode 'outputs' to avoid re-running this script phase.\necho \"SUCCESS\" > \"${SCRIPT_OUTPUT_FILE_0}\"\n";
			showEnvVarsInLog = 0;
		};
/* End PBXShellScriptBuildPhase section */

/* Begin PBXSourcesBuildPhase section */
		83CEEE98291EFFF700951C37 /* Sources */ = {
			isa = PBXSourcesBuildPhase;
			buildActionMask = 2147483647;
			files = (
				839D89A8291F12B00034D2A7 /* ContentDataSource.swift in Sources */,
				83CEEEA4291EFFF700951C37 /* MainViewController.swift in Sources */,
				83CEEEA0291EFFF700951C37 /* AppDelegate.swift in Sources */,
				83C97A85292156D400596EA1 /* BitbucketModel.swift in Sources */,
				832B12E9291F5ECD0008D57E /* GithubModel.swift in Sources */,
				83CEEEAA291EFFF700951C37 /* RepositoryInfoFetcher.xcdatamodeld in Sources */,
				83BF0C6A2923208F009D748E /* DetailViewController.swift in Sources */,
			);
			runOnlyForDeploymentPostprocessing = 0;
		};
/* End PBXSourcesBuildPhase section */

/* Begin PBXVariantGroup section */
		83CEEEA5291EFFF700951C37 /* MainViewController.storyboard */ = {
			isa = PBXVariantGroup;
			children = (
				83CEEEA6291EFFF700951C37 /* Base */,
			);
			name = MainViewController.storyboard;
			sourceTree = "<group>";
		};
		83CEEEAD291EFFF900951C37 /* LaunchScreen.storyboard */ = {
			isa = PBXVariantGroup;
			children = (
				83CEEEAE291EFFF900951C37 /* Base */,
			);
			name = LaunchScreen.storyboard;
			sourceTree = "<group>";
		};
/* End PBXVariantGroup section */

/* Begin XCBuildConfiguration section */
		83CEEEB1291EFFF900951C37 /* Debug */ = {
			isa = XCBuildConfiguration;
			buildSettings = {
				ALWAYS_SEARCH_USER_PATHS = NO;
				CLANG_ANALYZER_NONNULL = YES;
				CLANG_ANALYZER_NUMBER_OBJECT_CONVERSION = YES_AGGRESSIVE;
				CLANG_CXX_LANGUAGE_STANDARD = "gnu++20";
				CLANG_ENABLE_MODULES = YES;
				CLANG_ENABLE_OBJC_ARC = YES;
				CLANG_ENABLE_OBJC_WEAK = YES;
				CLANG_WARN_BLOCK_CAPTURE_AUTORELEASING = YES;
				CLANG_WARN_BOOL_CONVERSION = YES;
				CLANG_WARN_COMMA = YES;
				CLANG_WARN_CONSTANT_CONVERSION = YES;
				CLANG_WARN_DEPRECATED_OBJC_IMPLEMENTATIONS = YES;
				CLANG_WARN_DIRECT_OBJC_ISA_USAGE = YES_ERROR;
				CLANG_WARN_DOCUMENTATION_COMMENTS = YES;
				CLANG_WARN_EMPTY_BODY = YES;
				CLANG_WARN_ENUM_CONVERSION = YES;
				CLANG_WARN_INFINITE_RECURSION = YES;
				CLANG_WARN_INT_CONVERSION = YES;
				CLANG_WARN_NON_LITERAL_NULL_CONVERSION = YES;
				CLANG_WARN_OBJC_IMPLICIT_RETAIN_SELF = YES;
				CLANG_WARN_OBJC_LITERAL_CONVERSION = YES;
				CLANG_WARN_OBJC_ROOT_CLASS = YES_ERROR;
				CLANG_WARN_QUOTED_INCLUDE_IN_FRAMEWORK_HEADER = YES;
				CLANG_WARN_RANGE_LOOP_ANALYSIS = YES;
				CLANG_WARN_STRICT_PROTOTYPES = YES;
				CLANG_WARN_SUSPICIOUS_MOVE = YES;
				CLANG_WARN_UNGUARDED_AVAILABILITY = YES_AGGRESSIVE;
				CLANG_WARN_UNREACHABLE_CODE = YES;
				CLANG_WARN__DUPLICATE_METHOD_MATCH = YES;
				COPY_PHASE_STRIP = NO;
				DEBUG_INFORMATION_FORMAT = dwarf;
				ENABLE_STRICT_OBJC_MSGSEND = YES;
				ENABLE_TESTABILITY = YES;
				GCC_C_LANGUAGE_STANDARD = gnu11;
				GCC_DYNAMIC_NO_PIC = NO;
				GCC_NO_COMMON_BLOCKS = YES;
				GCC_OPTIMIZATION_LEVEL = 0;
				GCC_PREPROCESSOR_DEFINITIONS = (
					"DEBUG=1",
					"$(inherited)",
				);
				GCC_WARN_64_TO_32_BIT_CONVERSION = YES;
				GCC_WARN_ABOUT_RETURN_TYPE = YES_ERROR;
				GCC_WARN_UNDECLARED_SELECTOR = YES;
				GCC_WARN_UNINITIALIZED_AUTOS = YES_AGGRESSIVE;
				GCC_WARN_UNUSED_FUNCTION = YES;
				GCC_WARN_UNUSED_VARIABLE = YES;
				IPHONEOS_DEPLOYMENT_TARGET = 12.0;
				MTL_ENABLE_DEBUG_INFO = INCLUDE_SOURCE;
				MTL_FAST_MATH = YES;
				ONLY_ACTIVE_ARCH = YES;
				SDKROOT = iphoneos;
				SWIFT_ACTIVE_COMPILATION_CONDITIONS = DEBUG;
				SWIFT_OPTIMIZATION_LEVEL = "-Onone";
			};
			name = Debug;
		};
		83CEEEB2291EFFF900951C37 /* Release */ = {
			isa = XCBuildConfiguration;
			buildSettings = {
				ALWAYS_SEARCH_USER_PATHS = NO;
				CLANG_ANALYZER_NONNULL = YES;
				CLANG_ANALYZER_NUMBER_OBJECT_CONVERSION = YES_AGGRESSIVE;
				CLANG_CXX_LANGUAGE_STANDARD = "gnu++20";
				CLANG_ENABLE_MODULES = YES;
				CLANG_ENABLE_OBJC_ARC = YES;
				CLANG_ENABLE_OBJC_WEAK = YES;
				CLANG_WARN_BLOCK_CAPTURE_AUTORELEASING = YES;
				CLANG_WARN_BOOL_CONVERSION = YES;
				CLANG_WARN_COMMA = YES;
				CLANG_WARN_CONSTANT_CONVERSION = YES;
				CLANG_WARN_DEPRECATED_OBJC_IMPLEMENTATIONS = YES;
				CLANG_WARN_DIRECT_OBJC_ISA_USAGE = YES_ERROR;
				CLANG_WARN_DOCUMENTATION_COMMENTS = YES;
				CLANG_WARN_EMPTY_BODY = YES;
				CLANG_WARN_ENUM_CONVERSION = YES;
				CLANG_WARN_INFINITE_RECURSION = YES;
				CLANG_WARN_INT_CONVERSION = YES;
				CLANG_WARN_NON_LITERAL_NULL_CONVERSION = YES;
				CLANG_WARN_OBJC_IMPLICIT_RETAIN_SELF = YES;
				CLANG_WARN_OBJC_LITERAL_CONVERSION = YES;
				CLANG_WARN_OBJC_ROOT_CLASS = YES_ERROR;
				CLANG_WARN_QUOTED_INCLUDE_IN_FRAMEWORK_HEADER = YES;
				CLANG_WARN_RANGE_LOOP_ANALYSIS = YES;
				CLANG_WARN_STRICT_PROTOTYPES = YES;
				CLANG_WARN_SUSPICIOUS_MOVE = YES;
				CLANG_WARN_UNGUARDED_AVAILABILITY = YES_AGGRESSIVE;
				CLANG_WARN_UNREACHABLE_CODE = YES;
				CLANG_WARN__DUPLICATE_METHOD_MATCH = YES;
				COPY_PHASE_STRIP = NO;
				DEBUG_INFORMATION_FORMAT = "dwarf-with-dsym";
				ENABLE_NS_ASSERTIONS = NO;
				ENABLE_STRICT_OBJC_MSGSEND = YES;
				GCC_C_LANGUAGE_STANDARD = gnu11;
				GCC_NO_COMMON_BLOCKS = YES;
				GCC_WARN_64_TO_32_BIT_CONVERSION = YES;
				GCC_WARN_ABOUT_RETURN_TYPE = YES_ERROR;
				GCC_WARN_UNDECLARED_SELECTOR = YES;
				GCC_WARN_UNINITIALIZED_AUTOS = YES_AGGRESSIVE;
				GCC_WARN_UNUSED_FUNCTION = YES;
				GCC_WARN_UNUSED_VARIABLE = YES;
				IPHONEOS_DEPLOYMENT_TARGET = 12.0;
				MTL_ENABLE_DEBUG_INFO = NO;
				MTL_FAST_MATH = YES;
				SDKROOT = iphoneos;
				SWIFT_COMPILATION_MODE = wholemodule;
				SWIFT_OPTIMIZATION_LEVEL = "-O";
				VALIDATE_PRODUCT = YES;
			};
			name = Release;
		};
		83CEEEB4291EFFF900951C37 /* Debug */ = {
			isa = XCBuildConfiguration;
			baseConfigurationReference = 1CCF22C18BA17F82A3BF4024 /* Pods-RepositoryInfoFetcher.debug.xcconfig */;
			buildSettings = {
				ASSETCATALOG_COMPILER_APPICON_NAME = AppIcon;
				ASSETCATALOG_COMPILER_GLOBAL_ACCENT_COLOR_NAME = AccentColor;
				CODE_SIGN_STYLE = Automatic;
				CURRENT_PROJECT_VERSION = 1;
				DEVELOPMENT_TEAM = D7Q23DCGQX;
				GENERATE_INFOPLIST_FILE = YES;
				INFOPLIST_FILE = RepositoryInfoFetcher/Info.plist;
				INFOPLIST_KEY_UIApplicationSupportsIndirectInputEvents = YES;
				INFOPLIST_KEY_UILaunchStoryboardName = LaunchScreen;
				INFOPLIST_KEY_UIMainStoryboardFile = MainViewController;
				INFOPLIST_KEY_UISupportedInterfaceOrientations_iPad = "UIInterfaceOrientationPortrait UIInterfaceOrientationPortraitUpsideDown UIInterfaceOrientationLandscapeLeft UIInterfaceOrientationLandscapeRight";
				INFOPLIST_KEY_UISupportedInterfaceOrientations_iPhone = "UIInterfaceOrientationPortrait UIInterfaceOrientationLandscapeLeft UIInterfaceOrientationLandscapeRight";
				LD_RUNPATH_SEARCH_PATHS = (
					"$(inherited)",
					"@executable_path/Frameworks",
				);
				MARKETING_VERSION = 1.0;
				PRODUCT_BUNDLE_IDENTIFIER = cm.RepositoryInfoFetcher;
				PRODUCT_NAME = "$(TARGET_NAME)";
				SUPPORTED_PLATFORMS = "iphoneos iphonesimulator";
				SUPPORTS_MACCATALYST = NO;
				SUPPORTS_MAC_DESIGNED_FOR_IPHONE_IPAD = NO;
				SWIFT_EMIT_LOC_STRINGS = YES;
				SWIFT_VERSION = 5.0;
				TARGETED_DEVICE_FAMILY = "1,2";
			};
			name = Debug;
		};
		83CEEEB5291EFFF900951C37 /* Release */ = {
			isa = XCBuildConfiguration;
			baseConfigurationReference = 462BC37B3587A91685AD03D8 /* Pods-RepositoryInfoFetcher.release.xcconfig */;
			buildSettings = {
				ASSETCATALOG_COMPILER_APPICON_NAME = AppIcon;
				ASSETCATALOG_COMPILER_GLOBAL_ACCENT_COLOR_NAME = AccentColor;
				CODE_SIGN_STYLE = Automatic;
				CURRENT_PROJECT_VERSION = 1;
				DEVELOPMENT_TEAM = D7Q23DCGQX;
				GENERATE_INFOPLIST_FILE = YES;
				INFOPLIST_FILE = RepositoryInfoFetcher/Info.plist;
				INFOPLIST_KEY_UIApplicationSupportsIndirectInputEvents = YES;
				INFOPLIST_KEY_UILaunchStoryboardName = LaunchScreen;
				INFOPLIST_KEY_UIMainStoryboardFile = MainViewController;
				INFOPLIST_KEY_UISupportedInterfaceOrientations_iPad = "UIInterfaceOrientationPortrait UIInterfaceOrientationPortraitUpsideDown UIInterfaceOrientationLandscapeLeft UIInterfaceOrientationLandscapeRight";
				INFOPLIST_KEY_UISupportedInterfaceOrientations_iPhone = "UIInterfaceOrientationPortrait UIInterfaceOrientationLandscapeLeft UIInterfaceOrientationLandscapeRight";
				LD_RUNPATH_SEARCH_PATHS = (
					"$(inherited)",
					"@executable_path/Frameworks",
				);
				MARKETING_VERSION = 1.0;
				PRODUCT_BUNDLE_IDENTIFIER = cm.RepositoryInfoFetcher;
				PRODUCT_NAME = "$(TARGET_NAME)";
				SUPPORTED_PLATFORMS = "iphoneos iphonesimulator";
				SUPPORTS_MACCATALYST = NO;
				SUPPORTS_MAC_DESIGNED_FOR_IPHONE_IPAD = NO;
				SWIFT_EMIT_LOC_STRINGS = YES;
				SWIFT_VERSION = 5.0;
				TARGETED_DEVICE_FAMILY = "1,2";
			};
			name = Release;
		};
/* End XCBuildConfiguration section */

/* Begin XCConfigurationList section */
		83CEEE97291EFFF700951C37 /* Build configuration list for PBXProject "RepositoryInfoFetcher" */ = {
			isa = XCConfigurationList;
			buildConfigurations = (
				83CEEEB1291EFFF900951C37 /* Debug */,
				83CEEEB2291EFFF900951C37 /* Release */,
			);
			defaultConfigurationIsVisible = 0;
			defaultConfigurationName = Release;
		};
		83CEEEB3291EFFF900951C37 /* Build configuration list for PBXNativeTarget "RepositoryInfoFetcher" */ = {
			isa = XCConfigurationList;
			buildConfigurations = (
				83CEEEB4291EFFF900951C37 /* Debug */,
				83CEEEB5291EFFF900951C37 /* Release */,
			);
			defaultConfigurationIsVisible = 0;
			defaultConfigurationName = Release;
		};
/* End XCConfigurationList section */

/* Begin XCVersionGroup section */
		83CEEEA8291EFFF700951C37 /* RepositoryInfoFetcher.xcdatamodeld */ = {
			isa = XCVersionGroup;
			children = (
				83CEEEA9291EFFF700951C37 /* RepositoryInfoFetcher.xcdatamodel */,
			);
			currentVersion = 83CEEEA9291EFFF700951C37 /* RepositoryInfoFetcher.xcdatamodel */;
			path = RepositoryInfoFetcher.xcdatamodeld;
			sourceTree = "<group>";
			versionGroupType = wrapper.xcdatamodel;
		};
/* End XCVersionGroup section */
	};
	rootObject = 83CEEE94291EFFF700951C37 /* Project object */;
}
